
Microsoft Visual Studio Solution File, Format Version 12.00
# Visual Studio Version 17
VisualStudioVersion = 17.14.36301.6 d17.14
MinimumVisualStudioVersion = 10.0.40219.1
Project("{FAE04EC0-301F-11D3-BF4B-00C04F79EFBC}") = "DrivingLicenseManagement", "DrivingLicenseManagement.csproj", "{554F40E3-CD13-4736-A39D-3E78A48208B9}"
EndProject
Global
	GlobalSection(SolutionConfigurationPlatforms) = preSolution
		Debug|Any CPU = Debug|Any CPU
		Release|Any CPU = Release|Any CPU
	EndGlobalSection
	GlobalSection(ProjectConfigurationPlatforms) = postSolution
		{554F40E3-CD13-4736-A39D-3E78A48208B9}.Debug|Any CPU.ActiveCfg = Debug|Any CPU
		{554F40E3-CD13-4736-A39D-3E78A48208B9}.Debug|Any CPU.Build.0 = Debug|Any CPU
		{554F40E3-CD13-4736-A39D-3E78A48208B9}.Release|Any CPU.ActiveCfg = Release|Any CPU
		{554F40E3-CD13-4736-A39D-3E78A48208B9}.Release|Any CPU.Build.0 = Release|Any CPU
	EndGlobalSection
	GlobalSection(SolutionProperties) = preSolution
		HideSolutionNode = FALSE
	EndGlobalSection
	GlobalSection(ExtensibilityGlobals) = postSolution
		SolutionGuid = {90BDD3A8-6B07-42A5-9816-2F54862F8E04}
	EndGlobalSection
EndGlobal
